// !$*UTF8*$!
{
	archiveVersion = 1;
	classes = {
	};
	objectVersion = 55;
	objects = {

/* Begin PBXBuildFile section */
		44A52590283E540B00F39B89 /* CalculationApp.swift in Sources */ = {isa = PBXBuildFile; fileRef = 44A5258F283E540B00F39B89 /* CalculationApp.swift */; };
		44A52592283E540B00F39B89 /* CalculationView.swift in Sources */ = {isa = PBXBuildFile; fileRef = 44A52591283E540B00F39B89 /* CalculationView.swift */; };
		44A52594283E540C00F39B89 /* Assets.xcassets in Resources */ = {isa = PBXBuildFile; fileRef = 44A52593283E540C00F39B89 /* Assets.xcassets */; };
		44A52597283E540C00F39B89 /* Preview Assets.xcassets in Resources */ = {isa = PBXBuildFile; fileRef = 44A52596283E540C00F39B89 /* Preview Assets.xcassets */; };
		A92F9DC52846FFA500B99F86 /* Localizable.strings in Resources */ = {isa = PBXBuildFile; fileRef = A92F9DC72846FFA500B99F86 /* Localizable.strings */; };
		A98B8C1C28D8528400337BAF /* CalculationTest.swift in Sources */ = {isa = PBXBuildFile; fileRef = A98B8C1B28D8528400337BAF /* CalculationTest.swift */; };
		A9AE47B62845E23500FD0AFD /* ColorData.swift in Sources */ = {isa = PBXBuildFile; fileRef = A9AE47B52845E23500FD0AFD /* ColorData.swift */; };
		A9CB246C2841F7C600B8AA51 /* MainCalculationButton.swift in Sources */ = {isa = PBXBuildFile; fileRef = A9CB246B2841F7C600B8AA51 /* MainCalculationButton.swift */; };
		A9CB246E2841F84100B8AA51 /* SubCalculationButton.swift in Sources */ = {isa = PBXBuildFile; fileRef = A9CB246D2841F84100B8AA51 /* SubCalculationButton.swift */; };
		A9CDB33F28438D3E00EC556B /* SignsAndNumbers.swift in Sources */ = {isa = PBXBuildFile; fileRef = A9CDB33E28438D3E00EC556B /* SignsAndNumbers.swift */; };
		A9CDB3412843B7A400EC556B /* NumberButtons.swift in Sources */ = {isa = PBXBuildFile; fileRef = A9CDB3402843B7A400EC556B /* NumberButtons.swift */; };
		A9CDB3432843C78A00EC556B /* CalculationData.swift in Sources */ = {isa = PBXBuildFile; fileRef = A9CDB3422843C78A00EC556B /* CalculationData.swift */; };
/* End PBXBuildFile section */

/* Begin PBXContainerItemProxy section */
		A98B8C1528D850D100337BAF /* PBXContainerItemProxy */ = {
			isa = PBXContainerItemProxy;
			containerPortal = 44A52584283E540B00F39B89 /* Project object */;
			proxyType = 1;
			remoteGlobalIDString = 44A5258B283E540B00F39B89;
			remoteInfo = "ReviewWQuestion-Calculator";
		};
/* End PBXContainerItemProxy section */

/* Begin PBXFileReference section */
		44A5258C283E540B00F39B89 /* ReviewWQuestion-Calculator.app */ = {isa = PBXFileReference; explicitFileType = wrapper.application; includeInIndex = 0; path = "ReviewWQuestion-Calculator.app"; sourceTree = BUILT_PRODUCTS_DIR; };
		44A5258F283E540B00F39B89 /* CalculationApp.swift */ = {isa = PBXFileReference; lastKnownFileType = sourcecode.swift; path = CalculationApp.swift; sourceTree = "<group>"; };
		44A52591283E540B00F39B89 /* CalculationView.swift */ = {isa = PBXFileReference; lastKnownFileType = sourcecode.swift; path = CalculationView.swift; sourceTree = "<group>"; };
		44A52593283E540C00F39B89 /* Assets.xcassets */ = {isa = PBXFileReference; lastKnownFileType = folder.assetcatalog; path = Assets.xcassets; sourceTree = "<group>"; };
		44A52596283E540C00F39B89 /* Preview Assets.xcassets */ = {isa = PBXFileReference; lastKnownFileType = folder.assetcatalog; path = "Preview Assets.xcassets"; sourceTree = "<group>"; };
		A92F9DC62846FFA500B99F86 /* en */ = {isa = PBXFileReference; lastKnownFileType = text.plist.strings; name = en; path = en.lproj/Localizable.strings; sourceTree = "<group>"; };
		A92F9DC82846FFD600B99F86 /* fr */ = {isa = PBXFileReference; lastKnownFileType = text.plist.strings; name = fr; path = fr.lproj/Localizable.strings; sourceTree = "<group>"; };
		A92F9DC92846FFDB00B99F86 /* zh-HK */ = {isa = PBXFileReference; lastKnownFileType = text.plist.strings; name = "zh-HK"; path = "zh-HK.lproj/Localizable.strings"; sourceTree = "<group>"; };
		A92F9DCA2846FFEA00B99F86 /* ko */ = {isa = PBXFileReference; lastKnownFileType = text.plist.strings; name = ko; path = ko.lproj/Localizable.strings; sourceTree = "<group>"; };
		A92F9DCB2846FFF000B99F86 /* es */ = {isa = PBXFileReference; lastKnownFileType = text.plist.strings; name = es; path = es.lproj/Localizable.strings; sourceTree = "<group>"; };
		A98B8C1128D850D100337BAF /* CalculationUnitTest.xctest */ = {isa = PBXFileReference; explicitFileType = wrapper.cfbundle; includeInIndex = 0; path = CalculationUnitTest.xctest; sourceTree = BUILT_PRODUCTS_DIR; };
		A98B8C1A28D8528400337BAF /* CalculationUnitTest-Bridging-Header.h */ = {isa = PBXFileReference; lastKnownFileType = sourcecode.c.h; path = "CalculationUnitTest-Bridging-Header.h"; sourceTree = "<group>"; };
		A98B8C1B28D8528400337BAF /* CalculationTest.swift */ = {isa = PBXFileReference; lastKnownFileType = sourcecode.swift; path = CalculationTest.swift; sourceTree = "<group>"; };
		A9AE47B52845E23500FD0AFD /* ColorData.swift */ = {isa = PBXFileReference; lastKnownFileType = sourcecode.swift; path = ColorData.swift; sourceTree = "<group>"; };
		A9CB246B2841F7C600B8AA51 /* MainCalculationButton.swift */ = {isa = PBXFileReference; lastKnownFileType = sourcecode.swift; path = MainCalculationButton.swift; sourceTree = "<group>"; };
		A9CB246D2841F84100B8AA51 /* SubCalculationButton.swift */ = {isa = PBXFileReference; lastKnownFileType = sourcecode.swift; path = SubCalculationButton.swift; sourceTree = "<group>"; };
		A9CDB33E28438D3E00EC556B /* SignsAndNumbers.swift */ = {isa = PBXFileReference; lastKnownFileType = sourcecode.swift; path = SignsAndNumbers.swift; sourceTree = "<group>"; };
		A9CDB3402843B7A400EC556B /* NumberButtons.swift */ = {isa = PBXFileReference; lastKnownFileType = sourcecode.swift; path = NumberButtons.swift; sourceTree = "<group>"; };
		A9CDB3422843C78A00EC556B /* CalculationData.swift */ = {isa = PBXFileReference; lastKnownFileType = sourcecode.swift; path = CalculationData.swift; sourceTree = "<group>"; };
/* End PBXFileReference section */

/* Begin PBXFrameworksBuildPhase section */
		44A52589283E540B00F39B89 /* Frameworks */ = {
			isa = PBXFrameworksBuildPhase;
			buildActionMask = 2147483647;
			files = (
			);
			runOnlyForDeploymentPostprocessing = 0;
		};
		A98B8C0E28D850D100337BAF /* Frameworks */ = {
			isa = PBXFrameworksBuildPhase;
			buildActionMask = 2147483647;
			files = (
			);
			runOnlyForDeploymentPostprocessing = 0;
		};
/* End PBXFrameworksBuildPhase section */

/* Begin PBXGroup section */
		44A52583283E540B00F39B89 = {
			isa = PBXGroup;
			children = (
				44A5258E283E540B00F39B89 /* ReviewWQuestion-Calculator */,
				A98B8C1228D850D100337BAF /* CalculationUnitTest */,
				44A5258D283E540B00F39B89 /* Products */,
			);
			sourceTree = "<group>";
		};
		44A5258D283E540B00F39B89 /* Products */ = {
			isa = PBXGroup;
			children = (
				44A5258C283E540B00F39B89 /* ReviewWQuestion-Calculator.app */,
				A98B8C1128D850D100337BAF /* CalculationUnitTest.xctest */,
			);
			name = Products;
			sourceTree = "<group>";
		};
		44A5258E283E540B00F39B89 /* ReviewWQuestion-Calculator */ = {
			isa = PBXGroup;
			children = (
				A9A165222847A7E80070CD07 /* System */,
				A9A165232847A7F20070CD07 /* View */,
				A9A165212847A7DF0070CD07 /* Models */,
				A9A165202847A7D50070CD07 /* Data */,
				A92F9DC72846FFA500B99F86 /* Localizable.strings */,
				44A52593283E540C00F39B89 /* Assets.xcassets */,
				44A52595283E540C00F39B89 /* Preview Content */,
			);
			path = "ReviewWQuestion-Calculator";
			sourceTree = "<group>";
		};
		44A52595283E540C00F39B89 /* Preview Content */ = {
			isa = PBXGroup;
			children = (
				44A52596283E540C00F39B89 /* Preview Assets.xcassets */,
			);
			path = "Preview Content";
			sourceTree = "<group>";
		};
		A98B8C1228D850D100337BAF /* CalculationUnitTest */ = {
			isa = PBXGroup;
			children = (
				A98B8C1B28D8528400337BAF /* CalculationTest.swift */,
				A98B8C1A28D8528400337BAF /* CalculationUnitTest-Bridging-Header.h */,
			);
			path = CalculationUnitTest;
			sourceTree = "<group>";
		};
		A9A165202847A7D50070CD07 /* Data */ = {
			isa = PBXGroup;
			children = (
				A9CDB33E28438D3E00EC556B /* SignsAndNumbers.swift */,
				A9CDB3422843C78A00EC556B /* CalculationData.swift */,
				A9AE47B52845E23500FD0AFD /* ColorData.swift */,
			);
			path = Data;
			sourceTree = "<group>";
		};
		A9A165212847A7DF0070CD07 /* Models */ = {
			isa = PBXGroup;
			children = (
				A9CB246D2841F84100B8AA51 /* SubCalculationButton.swift */,
				A9CB246B2841F7C600B8AA51 /* MainCalculationButton.swift */,
				A9CDB3402843B7A400EC556B /* NumberButtons.swift */,
			);
			path = Models;
			sourceTree = "<group>";
		};
		A9A165222847A7E80070CD07 /* System */ = {
			isa = PBXGroup;
			children = (
				44A5258F283E540B00F39B89 /* CalculationApp.swift */,
			);
			path = System;
			sourceTree = "<group>";
		};
		A9A165232847A7F20070CD07 /* View */ = {
			isa = PBXGroup;
			children = (
				44A52591283E540B00F39B89 /* CalculationView.swift */,
			);
			path = View;
			sourceTree = "<group>";
		};
/* End PBXGroup section */

/* Begin PBXNativeTarget section */
		44A5258B283E540B00F39B89 /* ReviewWQuestion-Calculator */ = {
			isa = PBXNativeTarget;
			buildConfigurationList = 44A5259A283E540C00F39B89 /* Build configuration list for PBXNativeTarget "ReviewWQuestion-Calculator" */;
			buildPhases = (
				44A52588283E540B00F39B89 /* Sources */,
				44A52589283E540B00F39B89 /* Frameworks */,
				44A5258A283E540B00F39B89 /* Resources */,
			);
			buildRules = (
			);
			dependencies = (
			);
			name = "ReviewWQuestion-Calculator";
			productName = "ReviewWQuestion-Calculator";
			productReference = 44A5258C283E540B00F39B89 /* ReviewWQuestion-Calculator.app */;
			productType = "com.apple.product-type.application";
		};
		A98B8C1028D850D100337BAF /* CalculationUnitTest */ = {
			isa = PBXNativeTarget;
			buildConfigurationList = A98B8C1728D850D100337BAF /* Build configuration list for PBXNativeTarget "CalculationUnitTest" */;
			buildPhases = (
				A98B8C0D28D850D100337BAF /* Sources */,
				A98B8C0E28D850D100337BAF /* Frameworks */,
				A98B8C0F28D850D100337BAF /* Resources */,
			);
			buildRules = (
			);
			dependencies = (
				A98B8C1628D850D100337BAF /* PBXTargetDependency */,
			);
			name = CalculationUnitTest;
			productName = CalculationUnitTest;
			productReference = A98B8C1128D850D100337BAF /* CalculationUnitTest.xctest */;
			productType = "com.apple.product-type.bundle.unit-test";
		};
/* End PBXNativeTarget section */

/* Begin PBXProject section */
		44A52584283E540B00F39B89 /* Project object */ = {
			isa = PBXProject;
			attributes = {
				BuildIndependentTargetsInParallel = 1;
				LastSwiftUpdateCheck = 1400;
				LastUpgradeCheck = 1330;
				TargetAttributes = {
					44A5258B283E540B00F39B89 = {
						CreatedOnToolsVersion = 13.3.1;
					};
					A98B8C1028D850D100337BAF = {
						CreatedOnToolsVersion = 14.0;
						LastSwiftMigration = 1400;
						TestTargetID = 44A5258B283E540B00F39B89;
					};
				};
			};
			buildConfigurationList = 44A52587283E540B00F39B89 /* Build configuration list for PBXProject "ReviewWQuestion-Calculator" */;
			compatibilityVersion = "Xcode 13.0";
			developmentRegion = en;
			hasScannedForEncodings = 0;
			knownRegions = (
				en,
				Base,
				fr,
				"zh-HK",
				ko,
				es,
			);
			mainGroup = 44A52583283E540B00F39B89;
			productRefGroup = 44A5258D283E540B00F39B89 /* Products */;
			projectDirPath = "";
			projectRoot = "";
			targets = (
				44A5258B283E540B00F39B89 /* ReviewWQuestion-Calculator */,
				A98B8C1028D850D100337BAF /* CalculationUnitTest */,
			);
		};
/* End PBXProject section */

/* Begin PBXResourcesBuildPhase section */
		44A5258A283E540B00F39B89 /* Resources */ = {
			isa = PBXResourcesBuildPhase;
			buildActionMask = 2147483647;
			files = (
				44A52597283E540C00F39B89 /* Preview Assets.xcassets in Resources */,
				A92F9DC52846FFA500B99F86 /* Localizable.strings in Resources */,
				44A52594283E540C00F39B89 /* Assets.xcassets in Resources */,
			);
			runOnlyForDeploymentPostprocessing = 0;
		};
		A98B8C0F28D850D100337BAF /* Resources */ = {
			isa = PBXResourcesBuildPhase;
			buildActionMask = 2147483647;
			files = (
			);
			runOnlyForDeploymentPostprocessing = 0;
		};
/* End PBXResourcesBuildPhase section */

/* Begin PBXSourcesBuildPhase section */
		44A52588283E540B00F39B89 /* Sources */ = {
			isa = PBXSourcesBuildPhase;
			buildActionMask = 2147483647;
			files = (
				A9CDB3412843B7A400EC556B /* NumberButtons.swift in Sources */,
				A9CDB33F28438D3E00EC556B /* SignsAndNumbers.swift in Sources */,
				A9CDB3432843C78A00EC556B /* CalculationData.swift in Sources */,
				A9AE47B62845E23500FD0AFD /* ColorData.swift in Sources */,
				A9CB246C2841F7C600B8AA51 /* MainCalculationButton.swift in Sources */,
				44A52592283E540B00F39B89 /* CalculationView.swift in Sources */,
				A9CB246E2841F84100B8AA51 /* SubCalculationButton.swift in Sources */,
				44A52590283E540B00F39B89 /* CalculationApp.swift in Sources */,
			);
			runOnlyForDeploymentPostprocessing = 0;
		};
		A98B8C0D28D850D100337BAF /* Sources */ = {
			isa = PBXSourcesBuildPhase;
			buildActionMask = 2147483647;
			files = (
				A98B8C1C28D8528400337BAF /* CalculationTest.swift in Sources */,
			);
			runOnlyForDeploymentPostprocessing = 0;
		};
/* End PBXSourcesBuildPhase section */

/* Begin PBXTargetDependency section */
		A98B8C1628D850D100337BAF /* PBXTargetDependency */ = {
			isa = PBXTargetDependency;
			target = 44A5258B283E540B00F39B89 /* ReviewWQuestion-Calculator */;
			targetProxy = A98B8C1528D850D100337BAF /* PBXContainerItemProxy */;
		};
/* End PBXTargetDependency section */

/* Begin PBXVariantGroup section */
		A92F9DC72846FFA500B99F86 /* Localizable.strings */ = {
			isa = PBXVariantGroup;
			children = (
				A92F9DC62846FFA500B99F86 /* en */,
				A92F9DC82846FFD600B99F86 /* fr */,
				A92F9DC92846FFDB00B99F86 /* zh-HK */,
				A92F9DCA2846FFEA00B99F86 /* ko */,
				A92F9DCB2846FFF000B99F86 /* es */,
			);
			name = Localizable.strings;
			sourceTree = "<group>";
		};
/* End PBXVariantGroup section */

/* Begin XCBuildConfiguration section */
		44A52598283E540C00F39B89 /* Debug */ = {
			isa = XCBuildConfiguration;
			buildSettings = {
				ALWAYS_SEARCH_USER_PATHS = NO;
				CLANG_ANALYZER_LOCALIZABILITY_NONLOCALIZED = YES;
				CLANG_ANALYZER_NONNULL = YES;
				CLANG_ANALYZER_NUMBER_OBJECT_CONVERSION = YES_AGGRESSIVE;
				CLANG_CXX_LANGUAGE_STANDARD = "gnu++17";
				CLANG_ENABLE_MODULES = YES;
				CLANG_ENABLE_OBJC_ARC = YES;
				CLANG_ENABLE_OBJC_WEAK = YES;
				CLANG_WARN_BLOCK_CAPTURE_AUTORELEASING = YES;
				CLANG_WARN_BOOL_CONVERSION = YES;
				CLANG_WARN_COMMA = YES;
				CLANG_WARN_CONSTANT_CONVERSION = YES;
				CLANG_WARN_DEPRECATED_OBJC_IMPLEMENTATIONS = YES;
				CLANG_WARN_DIRECT_OBJC_ISA_USAGE = YES_ERROR;
				CLANG_WARN_DOCUMENTATION_COMMENTS = YES;
				CLANG_WARN_EMPTY_BODY = YES;
				CLANG_WARN_ENUM_CONVERSION = YES;
				CLANG_WARN_INFINITE_RECURSION = YES;
				CLANG_WARN_INT_CONVERSION = YES;
				CLANG_WARN_NON_LITERAL_NULL_CONVERSION = YES;
				CLANG_WARN_OBJC_IMPLICIT_RETAIN_SELF = YES;
				CLANG_WARN_OBJC_LITERAL_CONVERSION = YES;
				CLANG_WARN_OBJC_ROOT_CLASS = YES_ERROR;
				CLANG_WARN_QUOTED_INCLUDE_IN_FRAMEWORK_HEADER = YES;
				CLANG_WARN_RANGE_LOOP_ANALYSIS = YES;
				CLANG_WARN_STRICT_PROTOTYPES = YES;
				CLANG_WARN_SUSPICIOUS_MOVE = YES;
				CLANG_WARN_UNGUARDED_AVAILABILITY = YES_AGGRESSIVE;
				CLANG_WARN_UNREACHABLE_CODE = YES;
				CLANG_WARN__DUPLICATE_METHOD_MATCH = YES;
				COPY_PHASE_STRIP = NO;
				DEBUG_INFORMATION_FORMAT = dwarf;
				ENABLE_STRICT_OBJC_MSGSEND = YES;
				ENABLE_TESTABILITY = YES;
				GCC_C_LANGUAGE_STANDARD = gnu11;
				GCC_DYNAMIC_NO_PIC = NO;
				GCC_NO_COMMON_BLOCKS = YES;
				GCC_OPTIMIZATION_LEVEL = 0;
				GCC_PREPROCESSOR_DEFINITIONS = (
					"DEBUG=1",
					"$(inherited)",
				);
				GCC_WARN_64_TO_32_BIT_CONVERSION = YES;
				GCC_WARN_ABOUT_RETURN_TYPE = YES_ERROR;
				GCC_WARN_UNDECLARED_SELECTOR = YES;
				GCC_WARN_UNINITIALIZED_AUTOS = YES_AGGRESSIVE;
				GCC_WARN_UNUSED_FUNCTION = YES;
				GCC_WARN_UNUSED_VARIABLE = YES;
				IPHONEOS_DEPLOYMENT_TARGET = 15.4;
				MTL_ENABLE_DEBUG_INFO = INCLUDE_SOURCE;
				MTL_FAST_MATH = YES;
				ONLY_ACTIVE_ARCH = YES;
				SDKROOT = iphoneos;
				SWIFT_ACTIVE_COMPILATION_CONDITIONS = DEBUG;
				SWIFT_OPTIMIZATION_LEVEL = "-Onone";
			};
			name = Debug;
		};
		44A52599283E540C00F39B89 /* Release */ = {
			isa = XCBuildConfiguration;
			buildSettings = {
				ALWAYS_SEARCH_USER_PATHS = NO;
				CLANG_ANALYZER_LOCALIZABILITY_NONLOCALIZED = YES;
				CLANG_ANALYZER_NONNULL = YES;
				CLANG_ANALYZER_NUMBER_OBJECT_CONVERSION = YES_AGGRESSIVE;
				CLANG_CXX_LANGUAGE_STANDARD = "gnu++17";
				CLANG_ENABLE_MODULES = YES;
				CLANG_ENABLE_OBJC_ARC = YES;
				CLANG_ENABLE_OBJC_WEAK = YES;
				CLANG_WARN_BLOCK_CAPTURE_AUTORELEASING = YES;
				CLANG_WARN_BOOL_CONVERSION = YES;
				CLANG_WARN_COMMA = YES;
				CLANG_WARN_CONSTANT_CONVERSION = YES;
				CLANG_WARN_DEPRECATED_OBJC_IMPLEMENTATIONS = YES;
				CLANG_WARN_DIRECT_OBJC_ISA_USAGE = YES_ERROR;
				CLANG_WARN_DOCUMENTATION_COMMENTS = YES;
				CLANG_WARN_EMPTY_BODY = YES;
				CLANG_WARN_ENUM_CONVERSION = YES;
				CLANG_WARN_INFINITE_RECURSION = YES;
				CLANG_WARN_INT_CONVERSION = YES;
				CLANG_WARN_NON_LITERAL_NULL_CONVERSION = YES;
				CLANG_WARN_OBJC_IMPLICIT_RETAIN_SELF = YES;
				CLANG_WARN_OBJC_LITERAL_CONVERSION = YES;
				CLANG_WARN_OBJC_ROOT_CLASS = YES_ERROR;
				CLANG_WARN_QUOTED_INCLUDE_IN_FRAMEWORK_HEADER = YES;
				CLANG_WARN_RANGE_LOOP_ANALYSIS = YES;
				CLANG_WARN_STRICT_PROTOTYPES = YES;
				CLANG_WARN_SUSPICIOUS_MOVE = YES;
				CLANG_WARN_UNGUARDED_AVAILABILITY = YES_AGGRESSIVE;
				CLANG_WARN_UNREACHABLE_CODE = YES;
				CLANG_WARN__DUPLICATE_METHOD_MATCH = YES;
				COPY_PHASE_STRIP = NO;
				DEBUG_INFORMATION_FORMAT = "dwarf-with-dsym";
				ENABLE_NS_ASSERTIONS = NO;
				ENABLE_STRICT_OBJC_MSGSEND = YES;
				GCC_C_LANGUAGE_STANDARD = gnu11;
				GCC_NO_COMMON_BLOCKS = YES;
				GCC_WARN_64_TO_32_BIT_CONVERSION = YES;
				GCC_WARN_ABOUT_RETURN_TYPE = YES_ERROR;
				GCC_WARN_UNDECLARED_SELECTOR = YES;
				GCC_WARN_UNINITIALIZED_AUTOS = YES_AGGRESSIVE;
				GCC_WARN_UNUSED_FUNCTION = YES;
				GCC_WARN_UNUSED_VARIABLE = YES;
				IPHONEOS_DEPLOYMENT_TARGET = 15.4;
				MTL_ENABLE_DEBUG_INFO = NO;
				MTL_FAST_MATH = YES;
				SDKROOT = iphoneos;
				SWIFT_COMPILATION_MODE = wholemodule;
				SWIFT_OPTIMIZATION_LEVEL = "-O";
				VALIDATE_PRODUCT = YES;
			};
			name = Release;
		};
		44A5259B283E540C00F39B89 /* Debug */ = {
			isa = XCBuildConfiguration;
			buildSettings = {
				ASSETCATALOG_COMPILER_APPICON_NAME = AppIcon;
				ASSETCATALOG_COMPILER_GLOBAL_ACCENT_COLOR_NAME = AccentColor;
				CODE_SIGN_STYLE = Automatic;
				CURRENT_PROJECT_VERSION = 1;
				DEVELOPMENT_ASSET_PATHS = "\"ReviewWQuestion-Calculator/Preview Content\"";
				ENABLE_PREVIEWS = YES;
				GENERATE_INFOPLIST_FILE = YES;
				INFOPLIST_KEY_UIApplicationSceneManifest_Generation = YES;
				INFOPLIST_KEY_UIApplicationSupportsIndirectInputEvents = YES;
				INFOPLIST_KEY_UILaunchScreen_Generation = YES;
				INFOPLIST_KEY_UISupportedInterfaceOrientations = UIInterfaceOrientationPortrait;
				INFOPLIST_KEY_UISupportedInterfaceOrientations_iPad = "UIInterfaceOrientationPortrait UIInterfaceOrientationPortraitUpsideDown UIInterfaceOrientationLandscapeLeft UIInterfaceOrientationLandscapeRight";
				INFOPLIST_KEY_UISupportedInterfaceOrientations_iPhone = "UIInterfaceOrientationPortrait UIInterfaceOrientationLandscapeLeft UIInterfaceOrientationLandscapeRight";
				LD_RUNPATH_SEARCH_PATHS = (
					"$(inherited)",
					"@executable_path/Frameworks",
				);
				MARKETING_VERSION = 1.0;
				PRODUCT_BUNDLE_IDENTIFIER = "ReviewWQuestion.ReviewWQuestion-Calculator";
				PRODUCT_NAME = "$(TARGET_NAME)";
				SWIFT_EMIT_LOC_STRINGS = YES;
				SWIFT_VERSION = 5.0;
				TARGETED_DEVICE_FAMILY = "1,2";
			};
			name = Debug;
		};
		44A5259C283E540C00F39B89 /* Release */ = {
			isa = XCBuildConfiguration;
			buildSettings = {
				ASSETCATALOG_COMPILER_APPICON_NAME = AppIcon;
				ASSETCATALOG_COMPILER_GLOBAL_ACCENT_COLOR_NAME = AccentColor;
				CODE_SIGN_STYLE = Automatic;
				CURRENT_PROJECT_VERSION = 1;
				DEVELOPMENT_ASSET_PATHS = "\"ReviewWQuestion-Calculator/Preview Content\"";
				ENABLE_PREVIEWS = YES;
				GENERATE_INFOPLIST_FILE = YES;
				INFOPLIST_KEY_UIApplicationSceneManifest_Generation = YES;
				INFOPLIST_KEY_UIApplicationSupportsIndirectInputEvents = YES;
				INFOPLIST_KEY_UILaunchScreen_Generation = YES;
				INFOPLIST_KEY_UISupportedInterfaceOrientations = UIInterfaceOrientationPortrait;
				INFOPLIST_KEY_UISupportedInterfaceOrientations_iPad = "UIInterfaceOrientationPortrait UIInterfaceOrientationPortraitUpsideDown UIInterfaceOrientationLandscapeLeft UIInterfaceOrientationLandscapeRight";
				INFOPLIST_KEY_UISupportedInterfaceOrientations_iPhone = "UIInterfaceOrientationPortrait UIInterfaceOrientationLandscapeLeft UIInterfaceOrientationLandscapeRight";
				LD_RUNPATH_SEARCH_PATHS = (
					"$(inherited)",
					"@executable_path/Frameworks",
				);
				MARKETING_VERSION = 1.0;
				PRODUCT_BUNDLE_IDENTIFIER = "ReviewWQuestion.ReviewWQuestion-Calculator";
				PRODUCT_NAME = "$(TARGET_NAME)";
				SWIFT_EMIT_LOC_STRINGS = YES;
				SWIFT_VERSION = 5.0;
				TARGETED_DEVICE_FAMILY = "1,2";
			};
			name = Release;
		};
		A98B8C1828D850D100337BAF /* Debug */ = {
			isa = XCBuildConfiguration;
			buildSettings = {
				BUNDLE_LOADER = "$(TEST_HOST)";
				CLANG_CXX_LANGUAGE_STANDARD = "gnu++20";
				CLANG_ENABLE_MODULES = YES;
				CODE_SIGN_STYLE = Automatic;
				CURRENT_PROJECT_VERSION = 1;
				DEVELOPMENT_TEAM = YYP248S73Y;
				GENERATE_INFOPLIST_FILE = YES;
				IPHONEOS_DEPLOYMENT_TARGET = 16.0;
				LD_RUNPATH_SEARCH_PATHS = (
					"$(inherited)",
					"@executable_path/Frameworks",
					"@loader_path/Frameworks",
				);
				MARKETING_VERSION = 1.0;
				PRODUCT_BUNDLE_IDENTIFIER = com.JisuJang.CalculationUnitTest;
				PRODUCT_NAME = "$(TARGET_NAME)";
				SWIFT_EMIT_LOC_STRINGS = NO;
				SWIFT_OBJC_BRIDGING_HEADER = "CalculationUnitTest/CalculationUnitTest-Bridging-Header.h";
				SWIFT_OPTIMIZATION_LEVEL = "-Onone";
				SWIFT_VERSION = 5.0;
				TARGETED_DEVICE_FAMILY = "1,2";
				TEST_HOST = "$(BUILT_PRODUCTS_DIR)/ReviewWQuestion-Calculator.app/$(BUNDLE_EXECUTABLE_FOLDER_PATH)/ReviewWQuestion-Calculator";
			};
			name = Debug;
		};
		A98B8C1928D850D100337BAF /* Release */ = {
			isa = XCBuildConfiguration;
			buildSettings = {
				BUNDLE_LOADER = "$(TEST_HOST)";
				CLANG_CXX_LANGUAGE_STANDARD = "gnu++20";
				CLANG_ENABLE_MODULES = YES;
				CODE_SIGN_STYLE = Automatic;
				CURRENT_PROJECT_VERSION = 1;
				DEVELOPMENT_TEAM = YYP248S73Y;
				GENERATE_INFOPLIST_FILE = YES;
				IPHONEOS_DEPLOYMENT_TARGET = 16.0;
				LD_RUNPATH_SEARCH_PATHS = (
					"$(inherited)",
					"@executable_path/Frameworks",
					"@loader_path/Frameworks",
				);
				MARKETING_VERSION = 1.0;
				PRODUCT_BUNDLE_IDENTIFIER = com.JisuJang.CalculationUnitTest;
				PRODUCT_NAME = "$(TARGET_NAME)";
				SWIFT_EMIT_LOC_STRINGS = NO;
				SWIFT_OBJC_BRIDGING_HEADER = "CalculationUnitTest/CalculationUnitTest-Bridging-Header.h";
				SWIFT_VERSION = 5.0;
				TARGETED_DEVICE_FAMILY = "1,2";
				TEST_HOST = "$(BUILT_PRODUCTS_DIR)/ReviewWQuestion-Calculator.app/$(BUNDLE_EXECUTABLE_FOLDER_PATH)/ReviewWQuestion-Calculator";
			};
			name = Release;
		};
/* End XCBuildConfiguration section */

/* Begin XCConfigurationList section */
		44A52587283E540B00F39B89 /* Build configuration list for PBXProject "ReviewWQuestion-Calculator" */ = {
			isa = XCConfigurationList;
			buildConfigurations = (
				44A52598283E540C00F39B89 /* Debug */,
				44A52599283E540C00F39B89 /* Release */,
			);
			defaultConfigurationIsVisible = 0;
			defaultConfigurationName = Release;
		};
		44A5259A283E540C00F39B89 /* Build configuration list for PBXNativeTarget "ReviewWQuestion-Calculator" */ = {
			isa = XCConfigurationList;
			buildConfigurations = (
				44A5259B283E540C00F39B89 /* Debug */,
				44A5259C283E540C00F39B89 /* Release */,
			);
			defaultConfigurationIsVisible = 0;
			defaultConfigurationName = Release;
		};
		A98B8C1728D850D100337BAF /* Build configuration list for PBXNativeTarget "CalculationUnitTest" */ = {
			isa = XCConfigurationList;
			buildConfigurations = (
				A98B8C1828D850D100337BAF /* Debug */,
				A98B8C1928D850D100337BAF /* Release */,
			);
			defaultConfigurationIsVisible = 0;
			defaultConfigurationName = Release;
		};
/* End XCConfigurationList section */
	};
	rootObject = 44A52584283E540B00F39B89 /* Project object */;
}
